
Microsoft Visual Studio Solution File, Format Version 12.00
# Visual Studio Version 17
VisualStudioVersion = 17.11.35208.52
MinimumVisualStudioVersion = 10.0.40219.1
Project("{FAE04EC0-301F-11D3-BF4B-00C04F79EFBC}") = "Inventory System", "Inventory System\Inventory System.csproj", "{84954E9F-AD14-4DB1-A712-9CEAE27A9224}"
EndProject
Global
	GlobalSection(SolutionConfigurationPlatforms) = preSolution
		Debug|Any CPU = Debug|Any CPU
		Release|Any CPU = Release|Any CPU
	EndGlobalSection
	GlobalSection(ProjectConfigurationPlatforms) = postSolution
		{84954E9F-AD14-4DB1-A712-9CEAE27A9224}.Debug|Any CPU.ActiveCfg = Debug|Any CPU
		{84954E9F-AD14-4DB1-A712-9CEAE27A9224}.Debug|Any CPU.Build.0 = Debug|Any CPU
		{84954E9F-AD14-4DB1-A712-9CEAE27A9224}.Release|Any CPU.ActiveCfg = Release|Any CPU
		{84954E9F-AD14-4DB1-A712-9CEAE27A9224}.Release|Any CPU.Build.0 = Release|Any CPU
	EndGlobalSection
	GlobalSection(SolutionProperties) = preSolution
		HideSolutionNode = FALSE
	EndGlobalSection
	GlobalSection(ExtensibilityGlobals) = postSolution
		SolutionGuid = {7A459399-CC17-43AC-AB6C-8FA386AAF3BD}
	EndGlobalSection
EndGlobal
